
Microsoft Visual Studio Solution File, Format Version 12.00
# Visual Studio 15
VisualStudioVersion = 15.0.26730.16
MinimumVisualStudioVersion = 10.0.40219.1
Project("{FAE04EC0-301F-11D3-BF4B-00C04F79EFBC}") = "FAA.WizardEncoding", "FAA.WizardEncoding\FAA.WizardEncoding.csproj", "{0FA67E40-5498-4C1E-88EA-48C558EAD3E8}"
EndProject
Project("{FAE04EC0-301F-11D3-BF4B-00C04F79EFBC}") = "TextDecoder", "TextDecoder\TextDecoder.csproj", "{56DB0EFF-54FB-411A-BA3F-BC0719EFC995}"
EndProject
Project("{FAE04EC0-301F-11D3-BF4B-00C04F79EFBC}") = "FAA.WizardTools", "FAA.WizardTools\FAA.WizardTools.csproj", "{78FF54A9-719D-4C5D-9AF1-0A6723C5869A}"
EndProject
Project("{FAE04EC0-301F-11D3-BF4B-00C04F79EFBC}") = "Test", "Test\Test.csproj", "{71DA0213-34D5-4F31-90A6-18A22D5B1E60}"
EndProject
Project("{FAE04EC0-301F-11D3-BF4B-00C04F79EFBC}") = "FAA.Utils", "FAA.Utils\FAA.Utils.csproj", "{BB9580F2-AE9A-4BD4-AFAE-FF4C4DA34FA6}"
EndProject
Project("{FAE04EC0-301F-11D3-BF4B-00C04F79EFBC}") = "FAA.WizardConsole", "FAA.WizardConsole\FAA.WizardConsole.csproj", "{01C72B5A-8D1B-4F80-844E-B5A3A16DEFDB}"
EndProject
Project("{FAE04EC0-301F-11D3-BF4B-00C04F79EFBC}") = "FAA.WizardEditor", "FAA.WizardEditor\FAA.WizardEditor.csproj", "{282454D5-5225-491A-83F8-E2CA19B37A83}"
EndProject
Global
	GlobalSection(SolutionConfigurationPlatforms) = preSolution
		Debug|Any CPU = Debug|Any CPU
		Release|Any CPU = Release|Any CPU
	EndGlobalSection
	GlobalSection(ProjectConfigurationPlatforms) = postSolution
		{0FA67E40-5498-4C1E-88EA-48C558EAD3E8}.Debug|Any CPU.ActiveCfg = Debug|Any CPU
		{0FA67E40-5498-4C1E-88EA-48C558EAD3E8}.Debug|Any CPU.Build.0 = Debug|Any CPU
		{0FA67E40-5498-4C1E-88EA-48C558EAD3E8}.Release|Any CPU.ActiveCfg = Release|Any CPU
		{0FA67E40-5498-4C1E-88EA-48C558EAD3E8}.Release|Any CPU.Build.0 = Release|Any CPU
		{56DB0EFF-54FB-411A-BA3F-BC0719EFC995}.Debug|Any CPU.ActiveCfg = Debug|Any CPU
		{56DB0EFF-54FB-411A-BA3F-BC0719EFC995}.Debug|Any CPU.Build.0 = Debug|Any CPU
		{56DB0EFF-54FB-411A-BA3F-BC0719EFC995}.Release|Any CPU.ActiveCfg = Release|Any CPU
		{56DB0EFF-54FB-411A-BA3F-BC0719EFC995}.Release|Any CPU.Build.0 = Release|Any CPU
		{78FF54A9-719D-4C5D-9AF1-0A6723C5869A}.Debug|Any CPU.ActiveCfg = Debug|Any CPU
		{78FF54A9-719D-4C5D-9AF1-0A6723C5869A}.Debug|Any CPU.Build.0 = Debug|Any CPU
		{78FF54A9-719D-4C5D-9AF1-0A6723C5869A}.Release|Any CPU.ActiveCfg = Release|Any CPU
		{78FF54A9-719D-4C5D-9AF1-0A6723C5869A}.Release|Any CPU.Build.0 = Release|Any CPU
		{71DA0213-34D5-4F31-90A6-18A22D5B1E60}.Debug|Any CPU.ActiveCfg = Debug|Any CPU
		{71DA0213-34D5-4F31-90A6-18A22D5B1E60}.Debug|Any CPU.Build.0 = Debug|Any CPU
		{71DA0213-34D5-4F31-90A6-18A22D5B1E60}.Release|Any CPU.ActiveCfg = Release|Any CPU
		{71DA0213-34D5-4F31-90A6-18A22D5B1E60}.Release|Any CPU.Build.0 = Release|Any CPU
		{BB9580F2-AE9A-4BD4-AFAE-FF4C4DA34FA6}.Debug|Any CPU.ActiveCfg = Debug|Any CPU
		{BB9580F2-AE9A-4BD4-AFAE-FF4C4DA34FA6}.Debug|Any CPU.Build.0 = Debug|Any CPU
		{BB9580F2-AE9A-4BD4-AFAE-FF4C4DA34FA6}.Release|Any CPU.ActiveCfg = Release|Any CPU
		{BB9580F2-AE9A-4BD4-AFAE-FF4C4DA34FA6}.Release|Any CPU.Build.0 = Release|Any CPU
		{01C72B5A-8D1B-4F80-844E-B5A3A16DEFDB}.Debug|Any CPU.ActiveCfg = Debug|Any CPU
		{01C72B5A-8D1B-4F80-844E-B5A3A16DEFDB}.Debug|Any CPU.Build.0 = Debug|Any CPU
		{01C72B5A-8D1B-4F80-844E-B5A3A16DEFDB}.Release|Any CPU.ActiveCfg = Release|Any CPU
		{01C72B5A-8D1B-4F80-844E-B5A3A16DEFDB}.Release|Any CPU.Build.0 = Release|Any CPU
		{282454D5-5225-491A-83F8-E2CA19B37A83}.Debug|Any CPU.ActiveCfg = Debug|Any CPU
		{282454D5-5225-491A-83F8-E2CA19B37A83}.Debug|Any CPU.Build.0 = Debug|Any CPU
		{282454D5-5225-491A-83F8-E2CA19B37A83}.Release|Any CPU.ActiveCfg = Release|Any CPU
		{282454D5-5225-491A-83F8-E2CA19B37A83}.Release|Any CPU.Build.0 = Release|Any CPU
	EndGlobalSection
	GlobalSection(SolutionProperties) = preSolution
		HideSolutionNode = FALSE
	EndGlobalSection
	GlobalSection(ExtensibilityGlobals) = postSolution
		SolutionGuid = {869D0589-C3AF-418F-8A08-C90EE0756173}
	EndGlobalSection
EndGlobal
